
Microsoft Visual Studio Solution File, Format Version 12.00
# Visual Studio Version 17
VisualStudioVersion = 17.13.35825.156
MinimumVisualStudioVersion = 10.0.40219.1
Project("{54A90642-561A-4BB1-A94E-469ADEE60C69}") = "todo.client", "todo.client\todo.client.esproj", "{9B5BBB73-3067-4CAA-6AA8-0463D382771A}"
EndProject
Project("{FAE04EC0-301F-11D3-BF4B-00C04F79EFBC}") = "TodoServer", "Todo.Server\TodoServer.csproj", "{9F6C7D1C-DB46-4D50-B2E8-D4985096AA2A}"
EndProject
Project("{FAE04EC0-301F-11D3-BF4B-00C04F79EFBC}") = "TodoServer.Tests", "TodoServer.Tests\TodoServer.Tests.csproj", "{3D00734D-01F7-6713-DF8A-61BCF635E644}"
EndProject
Global
	GlobalSection(SolutionConfigurationPlatforms) = preSolution
		Debug|Any CPU = Debug|Any CPU
		Release|Any CPU = Release|Any CPU
	EndGlobalSection
	GlobalSection(ProjectConfigurationPlatforms) = postSolution
		{9B5BBB73-3067-4CAA-6AA8-0463D382771A}.Debug|Any CPU.ActiveCfg = Debug|Any CPU
		{9B5BBB73-3067-4CAA-6AA8-0463D382771A}.Debug|Any CPU.Build.0 = Debug|Any CPU
		{9B5BBB73-3067-4CAA-6AA8-0463D382771A}.Debug|Any CPU.Deploy.0 = Debug|Any CPU
		{9B5BBB73-3067-4CAA-6AA8-0463D382771A}.Release|Any CPU.ActiveCfg = Release|Any CPU
		{9B5BBB73-3067-4CAA-6AA8-0463D382771A}.Release|Any CPU.Build.0 = Release|Any CPU
		{9B5BBB73-3067-4CAA-6AA8-0463D382771A}.Release|Any CPU.Deploy.0 = Release|Any CPU
		{9F6C7D1C-DB46-4D50-B2E8-D4985096AA2A}.Debug|Any CPU.ActiveCfg = Debug|Any CPU
		{9F6C7D1C-DB46-4D50-B2E8-D4985096AA2A}.Debug|Any CPU.Build.0 = Debug|Any CPU
		{9F6C7D1C-DB46-4D50-B2E8-D4985096AA2A}.Release|Any CPU.ActiveCfg = Release|Any CPU
		{9F6C7D1C-DB46-4D50-B2E8-D4985096AA2A}.Release|Any CPU.Build.0 = Release|Any CPU
		{3D00734D-01F7-6713-DF8A-61BCF635E644}.Debug|Any CPU.ActiveCfg = Debug|Any CPU
		{3D00734D-01F7-6713-DF8A-61BCF635E644}.Debug|Any CPU.Build.0 = Debug|Any CPU
		{3D00734D-01F7-6713-DF8A-61BCF635E644}.Release|Any CPU.ActiveCfg = Release|Any CPU
		{3D00734D-01F7-6713-DF8A-61BCF635E644}.Release|Any CPU.Build.0 = Release|Any CPU
	EndGlobalSection
	GlobalSection(SolutionProperties) = preSolution
		HideSolutionNode = FALSE
	EndGlobalSection
	GlobalSection(ExtensibilityGlobals) = postSolution
		SolutionGuid = {E5E4220C-34A5-4928-BF42-4D237F9B645D}
	EndGlobalSection
EndGlobal
